
Microsoft Visual Studio Solution File, Format Version 12.00
# Visual Studio Version 17
VisualStudioVersion = 17.12.35527.113
MinimumVisualStudioVersion = 10.0.40219.1
Project("{FAE04EC0-301F-11D3-BF4B-00C04F79EFBC}") = "BabyData", "BabyData\BabyData.csproj", "{F76EC98C-5027-40F1-A606-E287FCFE4C6F}"
EndProject
Project("{E53339B2-1760-4266-BCC7-CA923CBCF16C}") = "docker-compose", "docker-compose.dcproj", "{D815D894-8C78-482B-A70B-3D2CC6D86177}"
EndProject
Global
	GlobalSection(SolutionConfigurationPlatforms) = preSolution
		Debug|Any CPU = Debug|Any CPU
		Release|Any CPU = Release|Any CPU
	EndGlobalSection
	GlobalSection(ProjectConfigurationPlatforms) = postSolution
		{F76EC98C-5027-40F1-A606-E287FCFE4C6F}.Debug|Any CPU.ActiveCfg = Debug|Any CPU
		{F76EC98C-5027-40F1-A606-E287FCFE4C6F}.Debug|Any CPU.Build.0 = Debug|Any CPU
		{F76EC98C-5027-40F1-A606-E287FCFE4C6F}.Release|Any CPU.ActiveCfg = Release|Any CPU
		{F76EC98C-5027-40F1-A606-E287FCFE4C6F}.Release|Any CPU.Build.0 = Release|Any CPU
		{D815D894-8C78-482B-A70B-3D2CC6D86177}.Debug|Any CPU.ActiveCfg = Debug|Any CPU
		{D815D894-8C78-482B-A70B-3D2CC6D86177}.Debug|Any CPU.Build.0 = Debug|Any CPU
		{D815D894-8C78-482B-A70B-3D2CC6D86177}.Release|Any CPU.ActiveCfg = Release|Any CPU
		{D815D894-8C78-482B-A70B-3D2CC6D86177}.Release|Any CPU.Build.0 = Release|Any CPU
	EndGlobalSection
	GlobalSection(SolutionProperties) = preSolution
		HideSolutionNode = FALSE
	EndGlobalSection
EndGlobal
